<?xml version="1.0" encoding="UTF-8" standalone="yes" ?>
<CodeBlocks_project_file>
	<FileVersion major="1" minor="6" />
	<Project>
		<Option title="TitanEngine_x64_console" />
		<Option pch_mode="2" />
		<Option compiler="gcc" />
		<Build>
			<Target title="Release">
				<Option output="bin/TitanEngine_x64_console" prefix_auto="1" extension_auto="1" />
				<Option object_output="obj/" />
				<Option type="1" />
				<Option compiler="gcc" />
				<Compiler>
					<Add option="-fomit-frame-pointer" />
					<Add option="-Os" />
					<Add option="-Wno-format" />
				</Compiler>
				<Linker>
					<Add option="-s" />
					<Add library=".\TitanEngine_x86.lib" />
				</Linker>
			</Target>
		</Build>
		<Compiler>
			<Add option="-Wall" />
			<Add option="-fexceptions" />
		</Compiler>
		<Linker>
			<Add library="shlwapi" />
		</Linker>
		<Unit filename="TitanEngine.h" />
		<Unit filename="_global.cpp" />
		<Unit filename="_global.h" />
		<Unit filename="argument.cpp" />
		<Unit filename="argument.h" />
		<Unit filename="breakpoint.cpp" />
		<Unit filename="breakpoint.h" />
		<Unit filename="command.cpp" />
		<Unit filename="command.h" />
		<Unit filename="console.cpp" />
		<Unit filename="console.h" />
		<Unit filename="debugger.cpp" />
		<Unit filename="debugger.h" />
		<Unit filename="instruction.cpp" />
		<Unit filename="instruction.h" />
		<Unit filename="main.cpp" />
		<Unit filename="threading.cpp" />
		<Unit filename="threading.h" />
		<Unit filename="variable.cpp" />
		<Unit filename="variable.h" />
		<Extensions>
			<code_completion />
			<envvars />
			<debugger />
			<lib_finder disable_auto="1" />
			<DoxyBlocks>
				<comment_style block="0" line="0" />
				<doxyfile_project />
				<doxyfile_build />
				<doxyfile_warnings />
				<doxyfile_output />
				<doxyfile_dot />
				<general />
			</DoxyBlocks>
		</Extensions>
	</Project>
</CodeBlocks_project_file>
